// !$*UTF8*$!
{
	archiveVersion = 1;
	classes = {
	};
	objectVersion = 52;
	objects = {

/* Begin PBXBuildFile section */
		A201B31D273BC609005E4538 /* AppDelegate.swift in Sources */ = {isa = PBXBuildFile; fileRef = A201B31C273BC609005E4538 /* AppDelegate.swift */; };
		A201B31F273BC609005E4538 /* SceneDelegate.swift in Sources */ = {isa = PBXBuildFile; fileRef = A201B31E273BC609005E4538 /* SceneDelegate.swift */; };
		A201B321273BC609005E4538 /* ViewController.swift in Sources */ = {isa = PBXBuildFile; fileRef = A201B320273BC609005E4538 /* ViewController.swift */; };
		A201B324273BC609005E4538 /* Main.storyboard in Resources */ = {isa = PBXBuildFile; fileRef = A201B322273BC609005E4538 /* Main.storyboard */; };
		A201B326273BC60A005E4538 /* Assets.xcassets in Resources */ = {isa = PBXBuildFile; fileRef = A201B325273BC60A005E4538 /* Assets.xcassets */; };
		A201B329273BC60A005E4538 /* LaunchScreen.storyboard in Resources */ = {isa = PBXBuildFile; fileRef = A201B327273BC60A005E4538 /* LaunchScreen.storyboard */; };
		A201B331273BDCC4005E4538 /* ImageCollectionViewCell.swift in Sources */ = {isa = PBXBuildFile; fileRef = A201B330273BDCC4005E4538 /* ImageCollectionViewCell.swift */; };
		EBC4734A27687610006A4606 /* APIResponse.swift in Sources */ = {isa = PBXBuildFile; fileRef = EBC4734927687610006A4606 /* APIResponse.swift */; };
		EBC4734C2768779F006A4606 /* DetailViewController.swift in Sources */ = {isa = PBXBuildFile; fileRef = EBC4734B2768779F006A4606 /* DetailViewController.swift */; };
		EBC4734F276884AB006A4606 /* Kingfisher in Frameworks */ = {isa = PBXBuildFile; productRef = EBC4734E276884AB006A4606 /* Kingfisher */; };
/* End PBXBuildFile section */

/* Begin PBXFileReference section */
		A201B319273BC609005E4538 /* UnSplash3.app */ = {isa = PBXFileReference; explicitFileType = wrapper.application; includeInIndex = 0; path = UnSplash3.app; sourceTree = BUILT_PRODUCTS_DIR; };
		A201B31C273BC609005E4538 /* AppDelegate.swift */ = {isa = PBXFileReference; lastKnownFileType = sourcecode.swift; path = AppDelegate.swift; sourceTree = "<group>"; };
		A201B31E273BC609005E4538 /* SceneDelegate.swift */ = {isa = PBXFileReference; lastKnownFileType = sourcecode.swift; path = SceneDelegate.swift; sourceTree = "<group>"; };
		A201B320273BC609005E4538 /* ViewController.swift */ = {isa = PBXFileReference; lastKnownFileType = sourcecode.swift; path = ViewController.swift; sourceTree = "<group>"; };
		A201B323273BC609005E4538 /* Base */ = {isa = PBXFileReference; lastKnownFileType = file.storyboard; name = Base; path = Base.lproj/Main.storyboard; sourceTree = "<group>"; };
		A201B325273BC60A005E4538 /* Assets.xcassets */ = {isa = PBXFileReference; lastKnownFileType = folder.assetcatalog; path = Assets.xcassets; sourceTree = "<group>"; };
		A201B328273BC60A005E4538 /* Base */ = {isa = PBXFileReference; lastKnownFileType = file.storyboard; name = Base; path = Base.lproj/LaunchScreen.storyboard; sourceTree = "<group>"; };
		A201B32A273BC60A005E4538 /* Info.plist */ = {isa = PBXFileReference; lastKnownFileType = text.plist.xml; path = Info.plist; sourceTree = "<group>"; };
		A201B330273BDCC4005E4538 /* ImageCollectionViewCell.swift */ = {isa = PBXFileReference; lastKnownFileType = sourcecode.swift; path = ImageCollectionViewCell.swift; sourceTree = "<group>"; };
		EBC4734927687610006A4606 /* APIResponse.swift */ = {isa = PBXFileReference; lastKnownFileType = sourcecode.swift; path = APIResponse.swift; sourceTree = "<group>"; };
		EBC4734B2768779F006A4606 /* DetailViewController.swift */ = {isa = PBXFileReference; lastKnownFileType = sourcecode.swift; path = DetailViewController.swift; sourceTree = "<group>"; };
/* End PBXFileReference section */

/* Begin PBXFrameworksBuildPhase section */
		A201B316273BC609005E4538 /* Frameworks */ = {
			isa = PBXFrameworksBuildPhase;
			buildActionMask = 2147483647;
			files = (
				EBC4734F276884AB006A4606 /* Kingfisher in Frameworks */,
			);
			runOnlyForDeploymentPostprocessing = 0;
		};
/* End PBXFrameworksBuildPhase section */

/* Begin PBXGroup section */
		A201B310273BC609005E4538 = {
			isa = PBXGroup;
			children = (
				A201B31B273BC609005E4538 /* UnSplash3 */,
				A201B31A273BC609005E4538 /* Products */,
			);
			sourceTree = "<group>";
		};
		A201B31A273BC609005E4538 /* Products */ = {
			isa = PBXGroup;
			children = (
				A201B319273BC609005E4538 /* UnSplash3.app */,
			);
			name = Products;
			sourceTree = "<group>";
		};
		A201B31B273BC609005E4538 /* UnSplash3 */ = {
			isa = PBXGroup;
			children = (
				A201B31C273BC609005E4538 /* AppDelegate.swift */,
				A201B31E273BC609005E4538 /* SceneDelegate.swift */,
				A201B320273BC609005E4538 /* ViewController.swift */,
				EBC4734927687610006A4606 /* APIResponse.swift */,
				A201B322273BC609005E4538 /* Main.storyboard */,
				A201B327273BC60A005E4538 /* LaunchScreen.storyboard */,
				EBC4734B2768779F006A4606 /* DetailViewController.swift */,
				A201B325273BC60A005E4538 /* Assets.xcassets */,
				A201B32A273BC60A005E4538 /* Info.plist */,
				A201B330273BDCC4005E4538 /* ImageCollectionViewCell.swift */,
			);
			path = UnSplash3;
			sourceTree = "<group>";
		};
/* End PBXGroup section */

/* Begin PBXNativeTarget section */
		A201B318273BC609005E4538 /* UnSplash3 */ = {
			isa = PBXNativeTarget;
			buildConfigurationList = A201B32D273BC60A005E4538 /* Build configuration list for PBXNativeTarget "UnSplash3" */;
			buildPhases = (
				A201B315273BC609005E4538 /* Sources */,
				A201B316273BC609005E4538 /* Frameworks */,
				A201B317273BC609005E4538 /* Resources */,
			);
			buildRules = (
			);
			dependencies = (
			);
			name = UnSplash3;
			packageProductDependencies = (
				EBC4734E276884AB006A4606 /* Kingfisher */,
			);
			productName = PhotoSearch;
			productReference = A201B319273BC609005E4538 /* UnSplash3.app */;
			productType = "com.apple.product-type.application";
		};
/* End PBXNativeTarget section */

/* Begin PBXProject section */
		A201B311273BC609005E4538 /* Project object */ = {
			isa = PBXProject;
			attributes = {
				LastSwiftUpdateCheck = 1250;
				LastUpgradeCheck = 1250;
				TargetAttributes = {
					A201B318273BC609005E4538 = {
						CreatedOnToolsVersion = 12.5.1;
					};
				};
			};
			buildConfigurationList = A201B314273BC609005E4538 /* Build configuration list for PBXProject "UnSplash3" */;
			compatibilityVersion = "Xcode 9.3";
			developmentRegion = en;
			hasScannedForEncodings = 0;
			knownRegions = (
				en,
				Base,
			);
			mainGroup = A201B310273BC609005E4538;
			packageReferences = (
				EBC4734D276884AB006A4606 /* XCRemoteSwiftPackageReference "Kingfisher" */,
			);
			productRefGroup = A201B31A273BC609005E4538 /* Products */;
			projectDirPath = "";
			projectRoot = "";
			targets = (
				A201B318273BC609005E4538 /* UnSplash3 */,
			);
		};
/* End PBXProject section */

/* Begin PBXResourcesBuildPhase section */
		A201B317273BC609005E4538 /* Resources */ = {
			isa = PBXResourcesBuildPhase;
			buildActionMask = 2147483647;
			files = (
				A201B329273BC60A005E4538 /* LaunchScreen.storyboard in Resources */,
				A201B326273BC60A005E4538 /* Assets.xcassets in Resources */,
				A201B324273BC609005E4538 /* Main.storyboard in Resources */,
			);
			runOnlyForDeploymentPostprocessing = 0;
		};
/* End PBXResourcesBuildPhase section */

/* Begin PBXSourcesBuildPhase section */
		A201B315273BC609005E4538 /* Sources */ = {
			isa = PBXSourcesBuildPhase;
			buildActionMask = 2147483647;
			files = (
				A201B321273BC609005E4538 /* ViewController.swift in Sources */,
				A201B31D273BC609005E4538 /* AppDelegate.swift in Sources */,
				A201B331273BDCC4005E4538 /* ImageCollectionViewCell.swift in Sources */,
				EBC4734C2768779F006A4606 /* DetailViewController.swift in Sources */,
				EBC4734A27687610006A4606 /* APIResponse.swift in Sources */,
				A201B31F273BC609005E4538 /* SceneDelegate.swift in Sources */,
			);
			runOnlyForDeploymentPostprocessing = 0;
		};
/* End PBXSourcesBuildPhase section */

/* Begin PBXVariantGroup section */
		A201B322273BC609005E4538 /* Main.storyboard */ = {
			isa = PBXVariantGroup;
			children = (
				A201B323273BC609005E4538 /* Base */,
			);
			name = Main.storyboard;
			sourceTree = "<group>";
		};
		A201B327273BC60A005E4538 /* LaunchScreen.storyboard */ = {
			isa = PBXVariantGroup;
			children = (
				A201B328273BC60A005E4538 /* Base */,
			);
			name = LaunchScreen.storyboard;
			sourceTree = "<group>";
		};
/* End PBXVariantGroup section */

/* Begin XCBuildConfiguration section */
		A201B32B273BC60A005E4538 /* Debug */ = {
			isa = XCBuildConfiguration;
			buildSettings = {
				ALWAYS_SEARCH_USER_PATHS = NO;
				CLANG_ANALYZER_NONNULL = YES;
				CLANG_ANALYZER_NUMBER_OBJECT_CONVERSION = YES_AGGRESSIVE;
				CLANG_CXX_LANGUAGE_STANDARD = "gnu++14";
				CLANG_CXX_LIBRARY = "libc++";
				CLANG_ENABLE_MODULES = YES;
				CLANG_ENABLE_OBJC_ARC = YES;
				CLANG_ENABLE_OBJC_WEAK = YES;
				CLANG_WARN_BLOCK_CAPTURE_AUTORELEASING = YES;
				CLANG_WARN_BOOL_CONVERSION = YES;
				CLANG_WARN_COMMA = YES;
				CLANG_WARN_CONSTANT_CONVERSION = YES;
				CLANG_WARN_DEPRECATED_OBJC_IMPLEMENTATIONS = YES;
				CLANG_WARN_DIRECT_OBJC_ISA_USAGE = YES_ERROR;
				CLANG_WARN_DOCUMENTATION_COMMENTS = YES;
				CLANG_WARN_EMPTY_BODY = YES;
				CLANG_WARN_ENUM_CONVERSION = YES;
				CLANG_WARN_INFINITE_RECURSION = YES;
				CLANG_WARN_INT_CONVERSION = YES;
				CLANG_WARN_NON_LITERAL_NULL_CONVERSION = YES;
				CLANG_WARN_OBJC_IMPLICIT_RETAIN_SELF = YES;
				CLANG_WARN_OBJC_LITERAL_CONVERSION = YES;
				CLANG_WARN_OBJC_ROOT_CLASS = YES_ERROR;
				CLANG_WARN_QUOTED_INCLUDE_IN_FRAMEWORK_HEADER = YES;
				CLANG_WARN_RANGE_LOOP_ANALYSIS = YES;
				CLANG_WARN_STRICT_PROTOTYPES = YES;
				CLANG_WARN_SUSPICIOUS_MOVE = YES;
				CLANG_WARN_UNGUARDED_AVAILABILITY = YES_AGGRESSIVE;
				CLANG_WARN_UNREACHABLE_CODE = YES;
				CLANG_WARN__DUPLICATE_METHOD_MATCH = YES;
				COPY_PHASE_STRIP = NO;
				DEBUG_INFORMATION_FORMAT = dwarf;
				ENABLE_STRICT_OBJC_MSGSEND = YES;
				ENABLE_TESTABILITY = YES;
				GCC_C_LANGUAGE_STANDARD = gnu11;
				GCC_DYNAMIC_NO_PIC = NO;
				GCC_NO_COMMON_BLOCKS = YES;
				GCC_OPTIMIZATION_LEVEL = 0;
				GCC_PREPROCESSOR_DEFINITIONS = (
					"DEBUG=1",
					"$(inherited)",
				);
				GCC_WARN_64_TO_32_BIT_CONVERSION = YES;
				GCC_WARN_ABOUT_RETURN_TYPE = YES_ERROR;
				GCC_WARN_UNDECLARED_SELECTOR = YES;
				GCC_WARN_UNINITIALIZED_AUTOS = YES_AGGRESSIVE;
				GCC_WARN_UNUSED_FUNCTION = YES;
				GCC_WARN_UNUSED_VARIABLE = YES;
				IPHONEOS_DEPLOYMENT_TARGET = 14.5;
				MTL_ENABLE_DEBUG_INFO = INCLUDE_SOURCE;
				MTL_FAST_MATH = YES;
				ONLY_ACTIVE_ARCH = YES;
				SDKROOT = iphoneos;
				SWIFT_ACTIVE_COMPILATION_CONDITIONS = DEBUG;
				SWIFT_OPTIMIZATION_LEVEL = "-Onone";
			};
			name = Debug;
		};
		A201B32C273BC60A005E4538 /* Release */ = {
			isa = XCBuildConfiguration;
			buildSettings = {
				ALWAYS_SEARCH_USER_PATHS = NO;
				CLANG_ANALYZER_NONNULL = YES;
				CLANG_ANALYZER_NUMBER_OBJECT_CONVERSION = YES_AGGRESSIVE;
				CLANG_CXX_LANGUAGE_STANDARD = "gnu++14";
				CLANG_CXX_LIBRARY = "libc++";
				CLANG_ENABLE_MODULES = YES;
				CLANG_ENABLE_OBJC_ARC = YES;
				CLANG_ENABLE_OBJC_WEAK = YES;
				CLANG_WARN_BLOCK_CAPTURE_AUTORELEASING = YES;
				CLANG_WARN_BOOL_CONVERSION = YES;
				CLANG_WARN_COMMA = YES;
				CLANG_WARN_CONSTANT_CONVERSION = YES;
				CLANG_WARN_DEPRECATED_OBJC_IMPLEMENTATIONS = YES;
				CLANG_WARN_DIRECT_OBJC_ISA_USAGE = YES_ERROR;
				CLANG_WARN_DOCUMENTATION_COMMENTS = YES;
				CLANG_WARN_EMPTY_BODY = YES;
				CLANG_WARN_ENUM_CONVERSION = YES;
				CLANG_WARN_INFINITE_RECURSION = YES;
				CLANG_WARN_INT_CONVERSION = YES;
				CLANG_WARN_NON_LITERAL_NULL_CONVERSION = YES;
				CLANG_WARN_OBJC_IMPLICIT_RETAIN_SELF = YES;
				CLANG_WARN_OBJC_LITERAL_CONVERSION = YES;
				CLANG_WARN_OBJC_ROOT_CLASS = YES_ERROR;
				CLANG_WARN_QUOTED_INCLUDE_IN_FRAMEWORK_HEADER = YES;
				CLANG_WARN_RANGE_LOOP_ANALYSIS = YES;
				CLANG_WARN_STRICT_PROTOTYPES = YES;
				CLANG_WARN_SUSPICIOUS_MOVE = YES;
				CLANG_WARN_UNGUARDED_AVAILABILITY = YES_AGGRESSIVE;
				CLANG_WARN_UNREACHABLE_CODE = YES;
				CLANG_WARN__DUPLICATE_METHOD_MATCH = YES;
				COPY_PHASE_STRIP = NO;
				DEBUG_INFORMATION_FORMAT = "dwarf-with-dsym";
				ENABLE_NS_ASSERTIONS = NO;
				ENABLE_STRICT_OBJC_MSGSEND = YES;
				GCC_C_LANGUAGE_STANDARD = gnu11;
				GCC_NO_COMMON_BLOCKS = YES;
				GCC_WARN_64_TO_32_BIT_CONVERSION = YES;
				GCC_WARN_ABOUT_RETURN_TYPE = YES_ERROR;
				GCC_WARN_UNDECLARED_SELECTOR = YES;
				GCC_WARN_UNINITIALIZED_AUTOS = YES_AGGRESSIVE;
				GCC_WARN_UNUSED_FUNCTION = YES;
				GCC_WARN_UNUSED_VARIABLE = YES;
				IPHONEOS_DEPLOYMENT_TARGET = 14.5;
				MTL_ENABLE_DEBUG_INFO = NO;
				MTL_FAST_MATH = YES;
				SDKROOT = iphoneos;
				SWIFT_COMPILATION_MODE = wholemodule;
				SWIFT_OPTIMIZATION_LEVEL = "-O";
				VALIDATE_PRODUCT = YES;
			};
			name = Release;
		};
		A201B32E273BC60A005E4538 /* Debug */ = {
			isa = XCBuildConfiguration;
			buildSettings = {
				ASSETCATALOG_COMPILER_APPICON_NAME = AppIcon;
				ASSETCATALOG_COMPILER_GLOBAL_ACCENT_COLOR_NAME = AccentColor;
				CODE_SIGN_STYLE = Automatic;
				DEVELOPMENT_TEAM = Z89W9738Q2;
				INFOPLIST_FILE = UnSplash3/Info.plist;
				LD_RUNPATH_SEARCH_PATHS = (
					"$(inherited)",
					"@executable_path/Frameworks",
				);
				PRODUCT_BUNDLE_IDENTIFIER = com.minseokim.PhotoSearch;
				PRODUCT_NAME = "$(TARGET_NAME)";
				SWIFT_VERSION = 5.0;
				TARGETED_DEVICE_FAMILY = "1,2";
			};
			name = Debug;
		};
		A201B32F273BC60A005E4538 /* Release */ = {
			isa = XCBuildConfiguration;
			buildSettings = {
				ASSETCATALOG_COMPILER_APPICON_NAME = AppIcon;
				ASSETCATALOG_COMPILER_GLOBAL_ACCENT_COLOR_NAME = AccentColor;
				CODE_SIGN_STYLE = Automatic;
				DEVELOPMENT_TEAM = Z89W9738Q2;
				INFOPLIST_FILE = UnSplash3/Info.plist;
				LD_RUNPATH_SEARCH_PATHS = (
					"$(inherited)",
					"@executable_path/Frameworks",
				);
				PRODUCT_BUNDLE_IDENTIFIER = com.minseokim.PhotoSearch;
				PRODUCT_NAME = "$(TARGET_NAME)";
				SWIFT_VERSION = 5.0;
				TARGETED_DEVICE_FAMILY = "1,2";
			};
			name = Release;
		};
/* End XCBuildConfiguration section */

/* Begin XCConfigurationList section */
		A201B314273BC609005E4538 /* Build configuration list for PBXProject "UnSplash3" */ = {
			isa = XCConfigurationList;
			buildConfigurations = (
				A201B32B273BC60A005E4538 /* Debug */,
				A201B32C273BC60A005E4538 /* Release */,
			);
			defaultConfigurationIsVisible = 0;
			defaultConfigurationName = Release;
		};
		A201B32D273BC60A005E4538 /* Build configuration list for PBXNativeTarget "UnSplash3" */ = {
			isa = XCConfigurationList;
			buildConfigurations = (
				A201B32E273BC60A005E4538 /* Debug */,
				A201B32F273BC60A005E4538 /* Release */,
			);
			defaultConfigurationIsVisible = 0;
			defaultConfigurationName = Release;
		};
/* End XCConfigurationList section */

/* Begin XCRemoteSwiftPackageReference section */
		EBC4734D276884AB006A4606 /* XCRemoteSwiftPackageReference "Kingfisher" */ = {
			isa = XCRemoteSwiftPackageReference;
			repositoryURL = "https://github.com/onevcat/Kingfisher.git";
			requirement = {
				kind = upToNextMajorVersion;
				minimumVersion = 7.0.0;
			};
		};
/* End XCRemoteSwiftPackageReference section */

/* Begin XCSwiftPackageProductDependency section */
		EBC4734E276884AB006A4606 /* Kingfisher */ = {
			isa = XCSwiftPackageProductDependency;
			package = EBC4734D276884AB006A4606 /* XCRemoteSwiftPackageReference "Kingfisher" */;
			productName = Kingfisher;
		};
/* End XCSwiftPackageProductDependency section */
	};
	rootObject = A201B311273BC609005E4538 /* Project object */;
}
